{
  "name": "juldp",
  "lockfileVersion": 3,
  "requires": true,
  "packages": {
    "": {
      "name": "juldp",
      "dependencies": {
        "@fontsource-variable/dm-sans": "^5.2.8",
        "@tabler/icons": "^3.35.0"
      }
    },
    "node_modules/@fontsource-variable/dm-sans": {
      "version": "5.3.0",
      "resolved": "https://registry.npmjs.org/@fontsource-variable/dm-sans/-/dm-sans-5.3.0.tgz",
      "integrity": "sha512-BpUG5bqePiDFMBM4ZtLSlPdAIOM990uB1dlXzIf4aw21yQR7BmykedLXXXMqGWsR18aMLOsbWccwJNh3ztTQaA==",
      "license": "OFL-1.1",
      "funding": {
        "url": "https://github.com/sponsors/ayuhito"
      }
    },
    "node_modules/@tabler/icons": {
      "version": "3.49.0",
      "resolved": "https://registry.npmjs.org/@tabler/icons/-/icons-3.49.0.tgz",
      "integrity": "sha512-l+GnSkFETx0U26icxv1VUFnxxiTqXfCcVRiRAnyMwibupM2S2L/hSaZ9gmSgz01rkrsH/93NvLsxykqdanc6lw==",
      "license": "MIT",
      "funding": {
        "type": "github",
        "url": "https://github.com/sponsors/codecalm"
      }
    }
  }
}
